
Microsoft Visual Studio Solution File, Format Version 12.00
# Visual Studio Version 16
VisualStudioVersion = 16.0.28803.540
MinimumVisualStudioVersion = 10.0.40219.1
Project("{2150E333-8FDC-42A3-9474-1A3956D46DE8}") = "Deployment", "Deployment", "{2AD74556-B9BD-45B8-A306-C0BAE901571B}"
EndProject
Project("{2150E333-8FDC-42A3-9474-1A3956D46DE8}") = "bin", "bin", "{422F7918-B7FB-4D2B-931D-5FE309EAE6C5}"
EndProject
Project("{2150E333-8FDC-42A3-9474-1A3956D46DE8}") = "Debug", "Debug", "{C3EC51E9-CCFE-46DD-8CB9-FFB65354DCE2}"
EndProject
Project("{2150E333-8FDC-42A3-9474-1A3956D46DE8}") = "Schemas", "Schemas", "{97FF6DD0-510D-4D47-A789-3D7D29611E62}"
	ProjectSection(SolutionItems) = preProject
		Deployment\Schemas\SampleLib.xsd = Deployment\Schemas\SampleLib.xsd
		Deployment\Schemas\ubta.Assert.xsd = Deployment\Schemas\ubta.Assert.xsd
		Deployment\Schemas\ubta.Logic.xsd = Deployment\Schemas\ubta.Logic.xsd
		Deployment\Schemas\ubta.ParamFiles.xsd = Deployment\Schemas\ubta.ParamFiles.xsd
		Deployment\Schemas\ubta.Schema.xsd = Deployment\Schemas\ubta.Schema.xsd
	EndProjectSection
EndProject
Project("{2150E333-8FDC-42A3-9474-1A3956D46DE8}") = "Config", "Config", "{6F4E4FDB-3E7C-49E9-87F4-C96CBA13541D}"
	ProjectSection(SolutionItems) = preProject
		Deployment\Config\AssemblyLoader.txt = Deployment\Config\AssemblyLoader.txt
		Deployment\Config\Config.txt = Deployment\Config\Config.txt
		Deployment\Config\ExecuteTest.SampleLib.xml = Deployment\Config\ExecuteTest.SampleLib.xml
		Deployment\Config\TestConfig.txt = Deployment\Config\TestConfig.txt
		Deployment\Config\UseCaseFile1.xml = Deployment\Config\UseCaseFile1.xml
	EndProjectSection
EndProject
Project("{2150E333-8FDC-42A3-9474-1A3956D46DE8}") = "Logging", "Logging", "{04750034-63CE-4085-8B37-C023460655DA}"
	ProjectSection(SolutionItems) = preProject
		Deployment\Config\Logging\LoggingTracingConfig.xml = Deployment\Config\Logging\LoggingTracingConfig.xml
		Deployment\Config\Logging\LoggingTracingTemplate.cs = Deployment\Config\Logging\LoggingTracingTemplate.cs
	EndProjectSection
EndProject
Project("{9A19103F-16F7-4668-BE54-9A1E7A4F7556}") = "ubta.Common", "ubta.Common\ubta.Common.csproj", "{9C6696FF-DC18-43B1-815F-8DBAB49A0F62}"
EndProject
Project("{9A19103F-16F7-4668-BE54-9A1E7A4F7556}") = "ubta.ExecuterLib", "ubta.ExecuterLib\ubta.ExecuterLib.csproj", "{887A6A56-1284-42EF-980E-8760B0014ECE}"
EndProject
Project("{9A19103F-16F7-4668-BE54-9A1E7A4F7556}") = "ubta.SchemaGeneration", "ubta.SchemaGeneration\ubta.SchemaGeneration.csproj", "{1A38E1ED-1742-48D4-9858-BBEEE8C00045}"
EndProject
Project("{9A19103F-16F7-4668-BE54-9A1E7A4F7556}") = "ubta.SchemaGenTest", "ubta.SchemaGenTest\ubta.SchemaGenTest.csproj", "{344BE866-60E2-4269-BB68-D2B3A77345F0}"
EndProject
Project("{9A19103F-16F7-4668-BE54-9A1E7A4F7556}") = "SampleLib", "SampleLib\SampleLib.csproj", "{C13FC1FF-AEA3-457B-B74E-1732622EFDFD}"
EndProject
Project("{9A19103F-16F7-4668-BE54-9A1E7A4F7556}") = "ubta.ExecuteTest", "ubta.ExecuteTest\ubta.ExecuteTest.csproj", "{BF83FD82-C7A5-4B87-8081-0D8FBC7ED2BB}"
EndProject
Project("{9A19103F-16F7-4668-BE54-9A1E7A4F7556}") = "ubta.Assert", "ubta.Assert\ubta.Assert.csproj", "{621B7BA2-DA2D-4168-AFE7-437762D985A0}"
EndProject
Project("{9A19103F-16F7-4668-BE54-9A1E7A4F7556}") = "ubta.Reflection", "ubta.Reflection\ubta.Reflection.csproj", "{0B55485E-8417-4F79-B7C4-438CDE337596}"
EndProject
Project("{9A19103F-16F7-4668-BE54-9A1E7A4F7556}") = "ubta.UseCase", "ubta.UseCase\ubta.UseCase.csproj", "{AA063FCA-FC18-4C3B-9304-CDB39CB67059}"
EndProject
Project("{9A19103F-16F7-4668-BE54-9A1E7A4F7556}") = "ubta.Common.UI", "ubta.Common.UI\ubta.Common.UI.csproj", "{A7E09202-5828-4655-827D-E814CE49B451}"
EndProject
Project("{9A19103F-16F7-4668-BE54-9A1E7A4F7556}") = "ubta.Config", "ubta.Config\ubta.Config.csproj", "{7E4C62C9-46EE-4FFE-A3D9-A4EC8F866D2F}"
EndProject
Project("{9A19103F-16F7-4668-BE54-9A1E7A4F7556}") = "ubta.Reflection.Editable.ClassGenerator", "ubta.Reflection.Editable.ClassGenerator\ubta.Reflection.Editable.ClassGenerator.csproj", "{52581924-4813-484A-B290-9F2ABF4FDCEB}"
EndProject
Project("{9A19103F-16F7-4668-BE54-9A1E7A4F7556}") = "ubta.Reflection.Editable.ClassGeneratorTest", "ubta.Reflection.Editable.ClassGeneratorTest\ubta.Reflection.Editable.ClassGeneratorTest.csproj", "{DBEC4708-05D4-48AC-A31A-BC5E1E162020}"
EndProject
Project("{9A19103F-16F7-4668-BE54-9A1E7A4F7556}") = "ubta.Logging", "ubta.Logging\ubta.Logging.csproj", "{3880ECB3-1458-4AD9-B4EB-851986D89E89}"
EndProject
Project("{9A19103F-16F7-4668-BE54-9A1E7A4F7556}") = "ubta.UseCase.Designer", "ubta.UseCase.Designer\ubta.UseCase.Designer.csproj", "{8904EE31-6AF2-45A8-9AD9-9991C9121C5F}"
EndProject
Project("{9A19103F-16F7-4668-BE54-9A1E7A4F7556}") = "ubta.UseCase.DesignerTest", "ubta.UseCase.DesignerTest\ubta.UseCase.DesignerTest.csproj", "{76B84D54-EBCE-40E2-BAB1-DD9C54D2CBDB}"
EndProject
Project("{9A19103F-16F7-4668-BE54-9A1E7A4F7556}") = "ubta.ConsoleTestBed", "ubta.ConsoleTestBed\ubta.ConsoleTestBed.csproj", "{D4489A3F-5B09-477F-8B37-E5C0C4AA04A3}"
EndProject
Project("{9A19103F-16F7-4668-BE54-9A1E7A4F7556}") = "ubta.AssertTest", "ubta.AssertTest\ubta.AssertTest.csproj", "{774FA467-1ABB-42FF-9B2D-7C22A42E3926}"
EndProject
Project("{9A19103F-16F7-4668-BE54-9A1E7A4F7556}") = "ubta.automation.ui", "ubta.automation.ui\ubta.automation.ui.csproj", "{6371B576-B1B2-4D16-BE94-C34D9C77E888}"
EndProject
Project("{9A19103F-16F7-4668-BE54-9A1E7A4F7556}") = "ubta.automation.uiTest", "ubta.automation.uiTest\ubta.automation.uiTest.csproj", "{D13D683F-7120-4D62-8CDA-3AE9B05956A4}"
EndProject
Project("{9A19103F-16F7-4668-BE54-9A1E7A4F7556}") = "ubta.automation.uiTestRunner", "ubta.automation.uiTestRunner\ubta.automation.uiTestRunner.csproj", "{5883B153-BEFF-40B5-A83E-B97B57B59EEF}"
EndProject
Project("{9A19103F-16F7-4668-BE54-9A1E7A4F7556}") = "ubta.xml.transformer", "ubta.xml.transformer\ubta.xml.transformer.csproj", "{EBE3C388-BD1E-4CFB-965D-589602EE92FB}"
EndProject
Global
	GlobalSection(SolutionConfigurationPlatforms) = preSolution
		Debug|Any CPU = Debug|Any CPU
		Debug|x64 = Debug|x64
		Debug|x86 = Debug|x86
		DeployRelease|Any CPU = DeployRelease|Any CPU
		DeployRelease|x64 = DeployRelease|x64
		DeployRelease|x86 = DeployRelease|x86
		Release|Any CPU = Release|Any CPU
		Release|x64 = Release|x64
		Release|x86 = Release|x86
	EndGlobalSection
	GlobalSection(ProjectConfigurationPlatforms) = postSolution
		{9C6696FF-DC18-43B1-815F-8DBAB49A0F62}.Debug|Any CPU.ActiveCfg = Debug|Any CPU
		{9C6696FF-DC18-43B1-815F-8DBAB49A0F62}.Debug|Any CPU.Build.0 = Debug|Any CPU
		{9C6696FF-DC18-43B1-815F-8DBAB49A0F62}.Debug|x64.ActiveCfg = Debug|Any CPU
		{9C6696FF-DC18-43B1-815F-8DBAB49A0F62}.Debug|x64.Build.0 = Debug|Any CPU
		{9C6696FF-DC18-43B1-815F-8DBAB49A0F62}.Debug|x86.ActiveCfg = Debug|Any CPU
		{9C6696FF-DC18-43B1-815F-8DBAB49A0F62}.Debug|x86.Build.0 = Debug|Any CPU
		{9C6696FF-DC18-43B1-815F-8DBAB49A0F62}.DeployRelease|Any CPU.ActiveCfg = Debug|Any CPU
		{9C6696FF-DC18-43B1-815F-8DBAB49A0F62}.DeployRelease|Any CPU.Build.0 = Debug|Any CPU
		{9C6696FF-DC18-43B1-815F-8DBAB49A0F62}.DeployRelease|x64.ActiveCfg = DeployRelease|Any CPU
		{9C6696FF-DC18-43B1-815F-8DBAB49A0F62}.DeployRelease|x64.Build.0 = DeployRelease|Any CPU
		{9C6696FF-DC18-43B1-815F-8DBAB49A0F62}.DeployRelease|x86.ActiveCfg = DeployRelease|Any CPU
		{9C6696FF-DC18-43B1-815F-8DBAB49A0F62}.DeployRelease|x86.Build.0 = DeployRelease|Any CPU
		{9C6696FF-DC18-43B1-815F-8DBAB49A0F62}.Release|Any CPU.ActiveCfg = Debug|Any CPU
		{9C6696FF-DC18-43B1-815F-8DBAB49A0F62}.Release|Any CPU.Build.0 = Debug|Any CPU
		{9C6696FF-DC18-43B1-815F-8DBAB49A0F62}.Release|x64.ActiveCfg = Release|Any CPU
		{9C6696FF-DC18-43B1-815F-8DBAB49A0F62}.Release|x64.Build.0 = Release|Any CPU
		{9C6696FF-DC18-43B1-815F-8DBAB49A0F62}.Release|x86.ActiveCfg = Release|Any CPU
		{9C6696FF-DC18-43B1-815F-8DBAB49A0F62}.Release|x86.Build.0 = Release|Any CPU
		{887A6A56-1284-42EF-980E-8760B0014ECE}.Debug|Any CPU.ActiveCfg = Debug|Any CPU
		{887A6A56-1284-42EF-980E-8760B0014ECE}.Debug|Any CPU.Build.0 = Debug|Any CPU
		{887A6A56-1284-42EF-980E-8760B0014ECE}.Debug|x64.ActiveCfg = Debug|Any CPU
		{887A6A56-1284-42EF-980E-8760B0014ECE}.Debug|x64.Build.0 = Debug|Any CPU
		{887A6A56-1284-42EF-980E-8760B0014ECE}.Debug|x86.ActiveCfg = Debug|Any CPU
		{887A6A56-1284-42EF-980E-8760B0014ECE}.Debug|x86.Build.0 = Debug|Any CPU
		{887A6A56-1284-42EF-980E-8760B0014ECE}.DeployRelease|Any CPU.ActiveCfg = Debug|Any CPU
		{887A6A56-1284-42EF-980E-8760B0014ECE}.DeployRelease|Any CPU.Build.0 = Debug|Any CPU
		{887A6A56-1284-42EF-980E-8760B0014ECE}.DeployRelease|x64.ActiveCfg = DeployRelease|Any CPU
		{887A6A56-1284-42EF-980E-8760B0014ECE}.DeployRelease|x64.Build.0 = DeployRelease|Any CPU
		{887A6A56-1284-42EF-980E-8760B0014ECE}.DeployRelease|x86.ActiveCfg = DeployRelease|Any CPU
		{887A6A56-1284-42EF-980E-8760B0014ECE}.DeployRelease|x86.Build.0 = DeployRelease|Any CPU
		{887A6A56-1284-42EF-980E-8760B0014ECE}.Release|Any CPU.ActiveCfg = Debug|Any CPU
		{887A6A56-1284-42EF-980E-8760B0014ECE}.Release|Any CPU.Build.0 = Debug|Any CPU
		{887A6A56-1284-42EF-980E-8760B0014ECE}.Release|x64.ActiveCfg = Release|Any CPU
		{887A6A56-1284-42EF-980E-8760B0014ECE}.Release|x64.Build.0 = Release|Any CPU
		{887A6A56-1284-42EF-980E-8760B0014ECE}.Release|x86.ActiveCfg = Release|Any CPU
		{887A6A56-1284-42EF-980E-8760B0014ECE}.Release|x86.Build.0 = Release|Any CPU
		{1A38E1ED-1742-48D4-9858-BBEEE8C00045}.Debug|Any CPU.ActiveCfg = Debug|Any CPU
		{1A38E1ED-1742-48D4-9858-BBEEE8C00045}.Debug|Any CPU.Build.0 = Debug|Any CPU
		{1A38E1ED-1742-48D4-9858-BBEEE8C00045}.Debug|x64.ActiveCfg = Debug|Any CPU
		{1A38E1ED-1742-48D4-9858-BBEEE8C00045}.Debug|x64.Build.0 = Debug|Any CPU
		{1A38E1ED-1742-48D4-9858-BBEEE8C00045}.Debug|x86.ActiveCfg = Debug|Any CPU
		{1A38E1ED-1742-48D4-9858-BBEEE8C00045}.Debug|x86.Build.0 = Debug|Any CPU
		{1A38E1ED-1742-48D4-9858-BBEEE8C00045}.DeployRelease|Any CPU.ActiveCfg = Debug|Any CPU
		{1A38E1ED-1742-48D4-9858-BBEEE8C00045}.DeployRelease|Any CPU.Build.0 = Debug|Any CPU
		{1A38E1ED-1742-48D4-9858-BBEEE8C00045}.DeployRelease|x64.ActiveCfg = DeployRelease|Any CPU
		{1A38E1ED-1742-48D4-9858-BBEEE8C00045}.DeployRelease|x64.Build.0 = DeployRelease|Any CPU
		{1A38E1ED-1742-48D4-9858-BBEEE8C00045}.DeployRelease|x86.ActiveCfg = DeployRelease|Any CPU
		{1A38E1ED-1742-48D4-9858-BBEEE8C00045}.DeployRelease|x86.Build.0 = DeployRelease|Any CPU
		{1A38E1ED-1742-48D4-9858-BBEEE8C00045}.Release|Any CPU.ActiveCfg = Debug|Any CPU
		{1A38E1ED-1742-48D4-9858-BBEEE8C00045}.Release|Any CPU.Build.0 = Debug|Any CPU
		{1A38E1ED-1742-48D4-9858-BBEEE8C00045}.Release|x64.ActiveCfg = Release|Any CPU
		{1A38E1ED-1742-48D4-9858-BBEEE8C00045}.Release|x64.Build.0 = Release|Any CPU
		{1A38E1ED-1742-48D4-9858-BBEEE8C00045}.Release|x86.ActiveCfg = Release|Any CPU
		{1A38E1ED-1742-48D4-9858-BBEEE8C00045}.Release|x86.Build.0 = Release|Any CPU
		{344BE866-60E2-4269-BB68-D2B3A77345F0}.Debug|Any CPU.ActiveCfg = Debug|Any CPU
		{344BE866-60E2-4269-BB68-D2B3A77345F0}.Debug|Any CPU.Build.0 = Debug|Any CPU
		{344BE866-60E2-4269-BB68-D2B3A77345F0}.Debug|x64.ActiveCfg = Debug|Any CPU
		{344BE866-60E2-4269-BB68-D2B3A77345F0}.Debug|x64.Build.0 = Debug|Any CPU
		{344BE866-60E2-4269-BB68-D2B3A77345F0}.Debug|x86.ActiveCfg = Debug|Any CPU
		{344BE866-60E2-4269-BB68-D2B3A77345F0}.Debug|x86.Build.0 = Debug|Any CPU
		{344BE866-60E2-4269-BB68-D2B3A77345F0}.DeployRelease|Any CPU.ActiveCfg = Debug|Any CPU
		{344BE866-60E2-4269-BB68-D2B3A77345F0}.DeployRelease|Any CPU.Build.0 = Debug|Any CPU
		{344BE866-60E2-4269-BB68-D2B3A77345F0}.DeployRelease|x64.ActiveCfg = DeployRelease|Any CPU
		{344BE866-60E2-4269-BB68-D2B3A77345F0}.DeployRelease|x64.Build.0 = DeployRelease|Any CPU
		{344BE866-60E2-4269-BB68-D2B3A77345F0}.DeployRelease|x86.ActiveCfg = DeployRelease|Any CPU
		{344BE866-60E2-4269-BB68-D2B3A77345F0}.DeployRelease|x86.Build.0 = DeployRelease|Any CPU
		{344BE866-60E2-4269-BB68-D2B3A77345F0}.Release|Any CPU.ActiveCfg = Debug|Any CPU
		{344BE866-60E2-4269-BB68-D2B3A77345F0}.Release|Any CPU.Build.0 = Debug|Any CPU
		{344BE866-60E2-4269-BB68-D2B3A77345F0}.Release|x64.ActiveCfg = Release|Any CPU
		{344BE866-60E2-4269-BB68-D2B3A77345F0}.Release|x64.Build.0 = Release|Any CPU
		{344BE866-60E2-4269-BB68-D2B3A77345F0}.Release|x86.ActiveCfg = Release|Any CPU
		{344BE866-60E2-4269-BB68-D2B3A77345F0}.Release|x86.Build.0 = Release|Any CPU
		{C13FC1FF-AEA3-457B-B74E-1732622EFDFD}.Debug|Any CPU.ActiveCfg = Debug|Any CPU
		{C13FC1FF-AEA3-457B-B74E-1732622EFDFD}.Debug|Any CPU.Build.0 = Debug|Any CPU
		{C13FC1FF-AEA3-457B-B74E-1732622EFDFD}.Debug|x64.ActiveCfg = Debug|Any CPU
		{C13FC1FF-AEA3-457B-B74E-1732622EFDFD}.Debug|x64.Build.0 = Debug|Any CPU
		{C13FC1FF-AEA3-457B-B74E-1732622EFDFD}.Debug|x86.ActiveCfg = Debug|Any CPU
		{C13FC1FF-AEA3-457B-B74E-1732622EFDFD}.Debug|x86.Build.0 = Debug|Any CPU
		{C13FC1FF-AEA3-457B-B74E-1732622EFDFD}.DeployRelease|Any CPU.ActiveCfg = Debug|Any CPU
		{C13FC1FF-AEA3-457B-B74E-1732622EFDFD}.DeployRelease|Any CPU.Build.0 = Debug|Any CPU
		{C13FC1FF-AEA3-457B-B74E-1732622EFDFD}.DeployRelease|x64.ActiveCfg = DeployRelease|Any CPU
		{C13FC1FF-AEA3-457B-B74E-1732622EFDFD}.DeployRelease|x64.Build.0 = DeployRelease|Any CPU
		{C13FC1FF-AEA3-457B-B74E-1732622EFDFD}.DeployRelease|x86.ActiveCfg = DeployRelease|Any CPU
		{C13FC1FF-AEA3-457B-B74E-1732622EFDFD}.DeployRelease|x86.Build.0 = DeployRelease|Any CPU
		{C13FC1FF-AEA3-457B-B74E-1732622EFDFD}.Release|Any CPU.ActiveCfg = Debug|Any CPU
		{C13FC1FF-AEA3-457B-B74E-1732622EFDFD}.Release|Any CPU.Build.0 = Debug|Any CPU
		{C13FC1FF-AEA3-457B-B74E-1732622EFDFD}.Release|x64.ActiveCfg = Release|Any CPU
		{C13FC1FF-AEA3-457B-B74E-1732622EFDFD}.Release|x64.Build.0 = Release|Any CPU
		{C13FC1FF-AEA3-457B-B74E-1732622EFDFD}.Release|x86.ActiveCfg = Release|Any CPU
		{C13FC1FF-AEA3-457B-B74E-1732622EFDFD}.Release|x86.Build.0 = Release|Any CPU
		{BF83FD82-C7A5-4B87-8081-0D8FBC7ED2BB}.Debug|Any CPU.ActiveCfg = Debug|Any CPU
		{BF83FD82-C7A5-4B87-8081-0D8FBC7ED2BB}.Debug|Any CPU.Build.0 = Debug|Any CPU
		{BF83FD82-C7A5-4B87-8081-0D8FBC7ED2BB}.Debug|x64.ActiveCfg = Debug|Any CPU
		{BF83FD82-C7A5-4B87-8081-0D8FBC7ED2BB}.Debug|x64.Build.0 = Debug|Any CPU
		{BF83FD82-C7A5-4B87-8081-0D8FBC7ED2BB}.Debug|x86.ActiveCfg = Debug|Any CPU
		{BF83FD82-C7A5-4B87-8081-0D8FBC7ED2BB}.Debug|x86.Build.0 = Debug|Any CPU
		{BF83FD82-C7A5-4B87-8081-0D8FBC7ED2BB}.DeployRelease|Any CPU.ActiveCfg = Debug|Any CPU
		{BF83FD82-C7A5-4B87-8081-0D8FBC7ED2BB}.DeployRelease|Any CPU.Build.0 = Debug|Any CPU
		{BF83FD82-C7A5-4B87-8081-0D8FBC7ED2BB}.DeployRelease|x64.ActiveCfg = DeployRelease|Any CPU
		{BF83FD82-C7A5-4B87-8081-0D8FBC7ED2BB}.DeployRelease|x64.Build.0 = DeployRelease|Any CPU
		{BF83FD82-C7A5-4B87-8081-0D8FBC7ED2BB}.DeployRelease|x86.ActiveCfg = DeployRelease|Any CPU
		{BF83FD82-C7A5-4B87-8081-0D8FBC7ED2BB}.DeployRelease|x86.Build.0 = DeployRelease|Any CPU
		{BF83FD82-C7A5-4B87-8081-0D8FBC7ED2BB}.Release|Any CPU.ActiveCfg = Debug|Any CPU
		{BF83FD82-C7A5-4B87-8081-0D8FBC7ED2BB}.Release|Any CPU.Build.0 = Debug|Any CPU
		{BF83FD82-C7A5-4B87-8081-0D8FBC7ED2BB}.Release|x64.ActiveCfg = Release|Any CPU
		{BF83FD82-C7A5-4B87-8081-0D8FBC7ED2BB}.Release|x64.Build.0 = Release|Any CPU
		{BF83FD82-C7A5-4B87-8081-0D8FBC7ED2BB}.Release|x86.ActiveCfg = Release|Any CPU
		{BF83FD82-C7A5-4B87-8081-0D8FBC7ED2BB}.Release|x86.Build.0 = Release|Any CPU
		{621B7BA2-DA2D-4168-AFE7-437762D985A0}.Debug|Any CPU.ActiveCfg = Debug|Any CPU
		{621B7BA2-DA2D-4168-AFE7-437762D985A0}.Debug|Any CPU.Build.0 = Debug|Any CPU
		{621B7BA2-DA2D-4168-AFE7-437762D985A0}.Debug|x64.ActiveCfg = Debug|Any CPU
		{621B7BA2-DA2D-4168-AFE7-437762D985A0}.Debug|x64.Build.0 = Debug|Any CPU
		{621B7BA2-DA2D-4168-AFE7-437762D985A0}.Debug|x86.ActiveCfg = Debug|Any CPU
		{621B7BA2-DA2D-4168-AFE7-437762D985A0}.Debug|x86.Build.0 = Debug|Any CPU
		{621B7BA2-DA2D-4168-AFE7-437762D985A0}.DeployRelease|Any CPU.ActiveCfg = Debug|Any CPU
		{621B7BA2-DA2D-4168-AFE7-437762D985A0}.DeployRelease|Any CPU.Build.0 = Debug|Any CPU
		{621B7BA2-DA2D-4168-AFE7-437762D985A0}.DeployRelease|x64.ActiveCfg = DeployRelease|Any CPU
		{621B7BA2-DA2D-4168-AFE7-437762D985A0}.DeployRelease|x64.Build.0 = DeployRelease|Any CPU
		{621B7BA2-DA2D-4168-AFE7-437762D985A0}.DeployRelease|x86.ActiveCfg = DeployRelease|Any CPU
		{621B7BA2-DA2D-4168-AFE7-437762D985A0}.DeployRelease|x86.Build.0 = DeployRelease|Any CPU
		{621B7BA2-DA2D-4168-AFE7-437762D985A0}.Release|Any CPU.ActiveCfg = Debug|Any CPU
		{621B7BA2-DA2D-4168-AFE7-437762D985A0}.Release|Any CPU.Build.0 = Debug|Any CPU
		{621B7BA2-DA2D-4168-AFE7-437762D985A0}.Release|x64.ActiveCfg = Release|Any CPU
		{621B7BA2-DA2D-4168-AFE7-437762D985A0}.Release|x64.Build.0 = Release|Any CPU
		{621B7BA2-DA2D-4168-AFE7-437762D985A0}.Release|x86.ActiveCfg = Release|Any CPU
		{621B7BA2-DA2D-4168-AFE7-437762D985A0}.Release|x86.Build.0 = Release|Any CPU
		{0B55485E-8417-4F79-B7C4-438CDE337596}.Debug|Any CPU.ActiveCfg = Debug|Any CPU
		{0B55485E-8417-4F79-B7C4-438CDE337596}.Debug|Any CPU.Build.0 = Debug|Any CPU
		{0B55485E-8417-4F79-B7C4-438CDE337596}.Debug|x64.ActiveCfg = Debug|Any CPU
		{0B55485E-8417-4F79-B7C4-438CDE337596}.Debug|x64.Build.0 = Debug|Any CPU
		{0B55485E-8417-4F79-B7C4-438CDE337596}.Debug|x86.ActiveCfg = Debug|Any CPU
		{0B55485E-8417-4F79-B7C4-438CDE337596}.Debug|x86.Build.0 = Debug|Any CPU
		{0B55485E-8417-4F79-B7C4-438CDE337596}.DeployRelease|Any CPU.ActiveCfg = Debug|Any CPU
		{0B55485E-8417-4F79-B7C4-438CDE337596}.DeployRelease|Any CPU.Build.0 = Debug|Any CPU
		{0B55485E-8417-4F79-B7C4-438CDE337596}.DeployRelease|x64.ActiveCfg = DeployRelease|Any CPU
		{0B55485E-8417-4F79-B7C4-438CDE337596}.DeployRelease|x64.Build.0 = DeployRelease|Any CPU
		{0B55485E-8417-4F79-B7C4-438CDE337596}.DeployRelease|x86.ActiveCfg = DeployRelease|Any CPU
		{0B55485E-8417-4F79-B7C4-438CDE337596}.DeployRelease|x86.Build.0 = DeployRelease|Any CPU
		{0B55485E-8417-4F79-B7C4-438CDE337596}.Release|Any CPU.ActiveCfg = Debug|Any CPU
		{0B55485E-8417-4F79-B7C4-438CDE337596}.Release|Any CPU.Build.0 = Debug|Any CPU
		{0B55485E-8417-4F79-B7C4-438CDE337596}.Release|x64.ActiveCfg = Release|Any CPU
		{0B55485E-8417-4F79-B7C4-438CDE337596}.Release|x64.Build.0 = Release|Any CPU
		{0B55485E-8417-4F79-B7C4-438CDE337596}.Release|x86.ActiveCfg = Release|Any CPU
		{0B55485E-8417-4F79-B7C4-438CDE337596}.Release|x86.Build.0 = Release|Any CPU
		{AA063FCA-FC18-4C3B-9304-CDB39CB67059}.Debug|Any CPU.ActiveCfg = Debug|Any CPU
		{AA063FCA-FC18-4C3B-9304-CDB39CB67059}.Debug|Any CPU.Build.0 = Debug|Any CPU
		{AA063FCA-FC18-4C3B-9304-CDB39CB67059}.Debug|x64.ActiveCfg = Debug|Any CPU
		{AA063FCA-FC18-4C3B-9304-CDB39CB67059}.Debug|x64.Build.0 = Debug|Any CPU
		{AA063FCA-FC18-4C3B-9304-CDB39CB67059}.Debug|x86.ActiveCfg = Debug|Any CPU
		{AA063FCA-FC18-4C3B-9304-CDB39CB67059}.Debug|x86.Build.0 = Debug|Any CPU
		{AA063FCA-FC18-4C3B-9304-CDB39CB67059}.DeployRelease|Any CPU.ActiveCfg = Debug|Any CPU
		{AA063FCA-FC18-4C3B-9304-CDB39CB67059}.DeployRelease|Any CPU.Build.0 = Debug|Any CPU
		{AA063FCA-FC18-4C3B-9304-CDB39CB67059}.DeployRelease|x64.ActiveCfg = DeployRelease|Any CPU
		{AA063FCA-FC18-4C3B-9304-CDB39CB67059}.DeployRelease|x64.Build.0 = DeployRelease|Any CPU
		{AA063FCA-FC18-4C3B-9304-CDB39CB67059}.DeployRelease|x86.ActiveCfg = DeployRelease|Any CPU
		{AA063FCA-FC18-4C3B-9304-CDB39CB67059}.DeployRelease|x86.Build.0 = DeployRelease|Any CPU
		{AA063FCA-FC18-4C3B-9304-CDB39CB67059}.Release|Any CPU.ActiveCfg = Debug|Any CPU
		{AA063FCA-FC18-4C3B-9304-CDB39CB67059}.Release|Any CPU.Build.0 = Debug|Any CPU
		{AA063FCA-FC18-4C3B-9304-CDB39CB67059}.Release|x64.ActiveCfg = Release|Any CPU
		{AA063FCA-FC18-4C3B-9304-CDB39CB67059}.Release|x64.Build.0 = Release|Any CPU
		{AA063FCA-FC18-4C3B-9304-CDB39CB67059}.Release|x86.ActiveCfg = Release|Any CPU
		{AA063FCA-FC18-4C3B-9304-CDB39CB67059}.Release|x86.Build.0 = Release|Any CPU
		{A7E09202-5828-4655-827D-E814CE49B451}.Debug|Any CPU.ActiveCfg = Debug|Any CPU
		{A7E09202-5828-4655-827D-E814CE49B451}.Debug|Any CPU.Build.0 = Debug|Any CPU
		{A7E09202-5828-4655-827D-E814CE49B451}.Debug|x64.ActiveCfg = Debug|Any CPU
		{A7E09202-5828-4655-827D-E814CE49B451}.Debug|x64.Build.0 = Debug|Any CPU
		{A7E09202-5828-4655-827D-E814CE49B451}.Debug|x86.ActiveCfg = Debug|Any CPU
		{A7E09202-5828-4655-827D-E814CE49B451}.Debug|x86.Build.0 = Debug|Any CPU
		{A7E09202-5828-4655-827D-E814CE49B451}.DeployRelease|Any CPU.ActiveCfg = Debug|Any CPU
		{A7E09202-5828-4655-827D-E814CE49B451}.DeployRelease|Any CPU.Build.0 = Debug|Any CPU
		{A7E09202-5828-4655-827D-E814CE49B451}.DeployRelease|x64.ActiveCfg = DeployRelease|Any CPU
		{A7E09202-5828-4655-827D-E814CE49B451}.DeployRelease|x64.Build.0 = DeployRelease|Any CPU
		{A7E09202-5828-4655-827D-E814CE49B451}.DeployRelease|x86.ActiveCfg = DeployRelease|Any CPU
		{A7E09202-5828-4655-827D-E814CE49B451}.DeployRelease|x86.Build.0 = DeployRelease|Any CPU
		{A7E09202-5828-4655-827D-E814CE49B451}.Release|Any CPU.ActiveCfg = Debug|Any CPU
		{A7E09202-5828-4655-827D-E814CE49B451}.Release|Any CPU.Build.0 = Debug|Any CPU
		{A7E09202-5828-4655-827D-E814CE49B451}.Release|x64.ActiveCfg = Release|Any CPU
		{A7E09202-5828-4655-827D-E814CE49B451}.Release|x64.Build.0 = Release|Any CPU
		{A7E09202-5828-4655-827D-E814CE49B451}.Release|x86.ActiveCfg = Release|Any CPU
		{A7E09202-5828-4655-827D-E814CE49B451}.Release|x86.Build.0 = Release|Any CPU
		{7E4C62C9-46EE-4FFE-A3D9-A4EC8F866D2F}.Debug|Any CPU.ActiveCfg = Debug|Any CPU
		{7E4C62C9-46EE-4FFE-A3D9-A4EC8F866D2F}.Debug|Any CPU.Build.0 = Debug|Any CPU
		{7E4C62C9-46EE-4FFE-A3D9-A4EC8F866D2F}.Debug|x64.ActiveCfg = Debug|Any CPU
		{7E4C62C9-46EE-4FFE-A3D9-A4EC8F866D2F}.Debug|x64.Build.0 = Debug|Any CPU
		{7E4C62C9-46EE-4FFE-A3D9-A4EC8F866D2F}.Debug|x86.ActiveCfg = Debug|Any CPU
		{7E4C62C9-46EE-4FFE-A3D9-A4EC8F866D2F}.Debug|x86.Build.0 = Debug|Any CPU
		{7E4C62C9-46EE-4FFE-A3D9-A4EC8F866D2F}.DeployRelease|Any CPU.ActiveCfg = Debug|Any CPU
		{7E4C62C9-46EE-4FFE-A3D9-A4EC8F866D2F}.DeployRelease|Any CPU.Build.0 = Debug|Any CPU
		{7E4C62C9-46EE-4FFE-A3D9-A4EC8F866D2F}.DeployRelease|x64.ActiveCfg = DeployRelease|Any CPU
		{7E4C62C9-46EE-4FFE-A3D9-A4EC8F866D2F}.DeployRelease|x64.Build.0 = DeployRelease|Any CPU
		{7E4C62C9-46EE-4FFE-A3D9-A4EC8F866D2F}.DeployRelease|x86.ActiveCfg = DeployRelease|Any CPU
		{7E4C62C9-46EE-4FFE-A3D9-A4EC8F866D2F}.DeployRelease|x86.Build.0 = DeployRelease|Any CPU
		{7E4C62C9-46EE-4FFE-A3D9-A4EC8F866D2F}.Release|Any CPU.ActiveCfg = Debug|Any CPU
		{7E4C62C9-46EE-4FFE-A3D9-A4EC8F866D2F}.Release|Any CPU.Build.0 = Debug|Any CPU
		{7E4C62C9-46EE-4FFE-A3D9-A4EC8F866D2F}.Release|x64.ActiveCfg = Release|Any CPU
		{7E4C62C9-46EE-4FFE-A3D9-A4EC8F866D2F}.Release|x64.Build.0 = Release|Any CPU
		{7E4C62C9-46EE-4FFE-A3D9-A4EC8F866D2F}.Release|x86.ActiveCfg = Release|Any CPU
		{7E4C62C9-46EE-4FFE-A3D9-A4EC8F866D2F}.Release|x86.Build.0 = Release|Any CPU
		{52581924-4813-484A-B290-9F2ABF4FDCEB}.Debug|Any CPU.ActiveCfg = Debug|Any CPU
		{52581924-4813-484A-B290-9F2ABF4FDCEB}.Debug|Any CPU.Build.0 = Debug|Any CPU
		{52581924-4813-484A-B290-9F2ABF4FDCEB}.Debug|x64.ActiveCfg = Debug|Any CPU
		{52581924-4813-484A-B290-9F2ABF4FDCEB}.Debug|x64.Build.0 = Debug|Any CPU
		{52581924-4813-484A-B290-9F2ABF4FDCEB}.Debug|x86.ActiveCfg = Debug|Any CPU
		{52581924-4813-484A-B290-9F2ABF4FDCEB}.Debug|x86.Build.0 = Debug|Any CPU
		{52581924-4813-484A-B290-9F2ABF4FDCEB}.DeployRelease|Any CPU.ActiveCfg = Debug|Any CPU
		{52581924-4813-484A-B290-9F2ABF4FDCEB}.DeployRelease|Any CPU.Build.0 = Debug|Any CPU
		{52581924-4813-484A-B290-9F2ABF4FDCEB}.DeployRelease|x64.ActiveCfg = DeployRelease|Any CPU
		{52581924-4813-484A-B290-9F2ABF4FDCEB}.DeployRelease|x64.Build.0 = DeployRelease|Any CPU
		{52581924-4813-484A-B290-9F2ABF4FDCEB}.DeployRelease|x86.ActiveCfg = DeployRelease|Any CPU
		{52581924-4813-484A-B290-9F2ABF4FDCEB}.DeployRelease|x86.Build.0 = DeployRelease|Any CPU
		{52581924-4813-484A-B290-9F2ABF4FDCEB}.Release|Any CPU.ActiveCfg = Debug|Any CPU
		{52581924-4813-484A-B290-9F2ABF4FDCEB}.Release|Any CPU.Build.0 = Debug|Any CPU
		{52581924-4813-484A-B290-9F2ABF4FDCEB}.Release|x64.ActiveCfg = Release|Any CPU
		{52581924-4813-484A-B290-9F2ABF4FDCEB}.Release|x64.Build.0 = Release|Any CPU
		{52581924-4813-484A-B290-9F2ABF4FDCEB}.Release|x86.ActiveCfg = Release|Any CPU
		{52581924-4813-484A-B290-9F2ABF4FDCEB}.Release|x86.Build.0 = Release|Any CPU
		{DBEC4708-05D4-48AC-A31A-BC5E1E162020}.Debug|Any CPU.ActiveCfg = Debug|Any CPU
		{DBEC4708-05D4-48AC-A31A-BC5E1E162020}.Debug|Any CPU.Build.0 = Debug|Any CPU
		{DBEC4708-05D4-48AC-A31A-BC5E1E162020}.Debug|x64.ActiveCfg = Debug|Any CPU
		{DBEC4708-05D4-48AC-A31A-BC5E1E162020}.Debug|x64.Build.0 = Debug|Any CPU
		{DBEC4708-05D4-48AC-A31A-BC5E1E162020}.Debug|x86.ActiveCfg = Debug|Any CPU
		{DBEC4708-05D4-48AC-A31A-BC5E1E162020}.Debug|x86.Build.0 = Debug|Any CPU
		{DBEC4708-05D4-48AC-A31A-BC5E1E162020}.DeployRelease|Any CPU.ActiveCfg = Debug|Any CPU
		{DBEC4708-05D4-48AC-A31A-BC5E1E162020}.DeployRelease|Any CPU.Build.0 = Debug|Any CPU
		{DBEC4708-05D4-48AC-A31A-BC5E1E162020}.DeployRelease|x64.ActiveCfg = DeployRelease|Any CPU
		{DBEC4708-05D4-48AC-A31A-BC5E1E162020}.DeployRelease|x64.Build.0 = DeployRelease|Any CPU
		{DBEC4708-05D4-48AC-A31A-BC5E1E162020}.DeployRelease|x86.ActiveCfg = DeployRelease|Any CPU
		{DBEC4708-05D4-48AC-A31A-BC5E1E162020}.DeployRelease|x86.Build.0 = DeployRelease|Any CPU
		{DBEC4708-05D4-48AC-A31A-BC5E1E162020}.Release|Any CPU.ActiveCfg = Debug|Any CPU
		{DBEC4708-05D4-48AC-A31A-BC5E1E162020}.Release|Any CPU.Build.0 = Debug|Any CPU
		{DBEC4708-05D4-48AC-A31A-BC5E1E162020}.Release|x64.ActiveCfg = Release|Any CPU
		{DBEC4708-05D4-48AC-A31A-BC5E1E162020}.Release|x64.Build.0 = Release|Any CPU
		{DBEC4708-05D4-48AC-A31A-BC5E1E162020}.Release|x86.ActiveCfg = Release|Any CPU
		{DBEC4708-05D4-48AC-A31A-BC5E1E162020}.Release|x86.Build.0 = Release|Any CPU
		{3880ECB3-1458-4AD9-B4EB-851986D89E89}.Debug|Any CPU.ActiveCfg = Debug|Any CPU
		{3880ECB3-1458-4AD9-B4EB-851986D89E89}.Debug|Any CPU.Build.0 = Debug|Any CPU
		{3880ECB3-1458-4AD9-B4EB-851986D89E89}.Debug|x64.ActiveCfg = Debug|Any CPU
		{3880ECB3-1458-4AD9-B4EB-851986D89E89}.Debug|x64.Build.0 = Debug|Any CPU
		{3880ECB3-1458-4AD9-B4EB-851986D89E89}.Debug|x86.ActiveCfg = Debug|Any CPU
		{3880ECB3-1458-4AD9-B4EB-851986D89E89}.Debug|x86.Build.0 = Debug|Any CPU
		{3880ECB3-1458-4AD9-B4EB-851986D89E89}.DeployRelease|Any CPU.ActiveCfg = Debug|Any CPU
		{3880ECB3-1458-4AD9-B4EB-851986D89E89}.DeployRelease|Any CPU.Build.0 = Debug|Any CPU
		{3880ECB3-1458-4AD9-B4EB-851986D89E89}.DeployRelease|x64.ActiveCfg = DeployRelease|Any CPU
		{3880ECB3-1458-4AD9-B4EB-851986D89E89}.DeployRelease|x64.Build.0 = DeployRelease|Any CPU
		{3880ECB3-1458-4AD9-B4EB-851986D89E89}.DeployRelease|x86.ActiveCfg = DeployRelease|Any CPU
		{3880ECB3-1458-4AD9-B4EB-851986D89E89}.DeployRelease|x86.Build.0 = DeployRelease|Any CPU
		{3880ECB3-1458-4AD9-B4EB-851986D89E89}.Release|Any CPU.ActiveCfg = Debug|Any CPU
		{3880ECB3-1458-4AD9-B4EB-851986D89E89}.Release|Any CPU.Build.0 = Debug|Any CPU
		{3880ECB3-1458-4AD9-B4EB-851986D89E89}.Release|x64.ActiveCfg = Release|Any CPU
		{3880ECB3-1458-4AD9-B4EB-851986D89E89}.Release|x64.Build.0 = Release|Any CPU
		{3880ECB3-1458-4AD9-B4EB-851986D89E89}.Release|x86.ActiveCfg = Release|Any CPU
		{3880ECB3-1458-4AD9-B4EB-851986D89E89}.Release|x86.Build.0 = Release|Any CPU
		{8904EE31-6AF2-45A8-9AD9-9991C9121C5F}.Debug|Any CPU.ActiveCfg = Debug|Any CPU
		{8904EE31-6AF2-45A8-9AD9-9991C9121C5F}.Debug|Any CPU.Build.0 = Debug|Any CPU
		{8904EE31-6AF2-45A8-9AD9-9991C9121C5F}.Debug|x64.ActiveCfg = Debug|Any CPU
		{8904EE31-6AF2-45A8-9AD9-9991C9121C5F}.Debug|x64.Build.0 = Debug|Any CPU
		{8904EE31-6AF2-45A8-9AD9-9991C9121C5F}.Debug|x86.ActiveCfg = Debug|Any CPU
		{8904EE31-6AF2-45A8-9AD9-9991C9121C5F}.Debug|x86.Build.0 = Debug|Any CPU
		{8904EE31-6AF2-45A8-9AD9-9991C9121C5F}.DeployRelease|Any CPU.ActiveCfg = Debug|Any CPU
		{8904EE31-6AF2-45A8-9AD9-9991C9121C5F}.DeployRelease|Any CPU.Build.0 = Debug|Any CPU
		{8904EE31-6AF2-45A8-9AD9-9991C9121C5F}.DeployRelease|x64.ActiveCfg = DeployRelease|Any CPU
		{8904EE31-6AF2-45A8-9AD9-9991C9121C5F}.DeployRelease|x64.Build.0 = DeployRelease|Any CPU
		{8904EE31-6AF2-45A8-9AD9-9991C9121C5F}.DeployRelease|x86.ActiveCfg = DeployRelease|Any CPU
		{8904EE31-6AF2-45A8-9AD9-9991C9121C5F}.DeployRelease|x86.Build.0 = DeployRelease|Any CPU
		{8904EE31-6AF2-45A8-9AD9-9991C9121C5F}.Release|Any CPU.ActiveCfg = Debug|Any CPU
		{8904EE31-6AF2-45A8-9AD9-9991C9121C5F}.Release|Any CPU.Build.0 = Debug|Any CPU
		{8904EE31-6AF2-45A8-9AD9-9991C9121C5F}.Release|x64.ActiveCfg = Release|Any CPU
		{8904EE31-6AF2-45A8-9AD9-9991C9121C5F}.Release|x64.Build.0 = Release|Any CPU
		{8904EE31-6AF2-45A8-9AD9-9991C9121C5F}.Release|x86.ActiveCfg = Release|Any CPU
		{8904EE31-6AF2-45A8-9AD9-9991C9121C5F}.Release|x86.Build.0 = Release|Any CPU
		{76B84D54-EBCE-40E2-BAB1-DD9C54D2CBDB}.Debug|Any CPU.ActiveCfg = Debug|Any CPU
		{76B84D54-EBCE-40E2-BAB1-DD9C54D2CBDB}.Debug|Any CPU.Build.0 = Debug|Any CPU
		{76B84D54-EBCE-40E2-BAB1-DD9C54D2CBDB}.Debug|x64.ActiveCfg = Debug|Any CPU
		{76B84D54-EBCE-40E2-BAB1-DD9C54D2CBDB}.Debug|x64.Build.0 = Debug|Any CPU
		{76B84D54-EBCE-40E2-BAB1-DD9C54D2CBDB}.Debug|x86.ActiveCfg = Debug|Any CPU
		{76B84D54-EBCE-40E2-BAB1-DD9C54D2CBDB}.Debug|x86.Build.0 = Debug|Any CPU
		{76B84D54-EBCE-40E2-BAB1-DD9C54D2CBDB}.DeployRelease|Any CPU.ActiveCfg = Debug|Any CPU
		{76B84D54-EBCE-40E2-BAB1-DD9C54D2CBDB}.DeployRelease|Any CPU.Build.0 = Debug|Any CPU
		{76B84D54-EBCE-40E2-BAB1-DD9C54D2CBDB}.DeployRelease|x64.ActiveCfg = DeployRelease|Any CPU
		{76B84D54-EBCE-40E2-BAB1-DD9C54D2CBDB}.DeployRelease|x64.Build.0 = DeployRelease|Any CPU
		{76B84D54-EBCE-40E2-BAB1-DD9C54D2CBDB}.DeployRelease|x86.ActiveCfg = DeployRelease|Any CPU
		{76B84D54-EBCE-40E2-BAB1-DD9C54D2CBDB}.DeployRelease|x86.Build.0 = DeployRelease|Any CPU
		{76B84D54-EBCE-40E2-BAB1-DD9C54D2CBDB}.Release|Any CPU.ActiveCfg = Debug|Any CPU
		{76B84D54-EBCE-40E2-BAB1-DD9C54D2CBDB}.Release|Any CPU.Build.0 = Debug|Any CPU
		{76B84D54-EBCE-40E2-BAB1-DD9C54D2CBDB}.Release|x64.ActiveCfg = Release|Any CPU
		{76B84D54-EBCE-40E2-BAB1-DD9C54D2CBDB}.Release|x64.Build.0 = Release|Any CPU
		{76B84D54-EBCE-40E2-BAB1-DD9C54D2CBDB}.Release|x86.ActiveCfg = Release|Any CPU
		{76B84D54-EBCE-40E2-BAB1-DD9C54D2CBDB}.Release|x86.Build.0 = Release|Any CPU
		{D4489A3F-5B09-477F-8B37-E5C0C4AA04A3}.Debug|Any CPU.ActiveCfg = Debug|Any CPU
		{D4489A3F-5B09-477F-8B37-E5C0C4AA04A3}.Debug|Any CPU.Build.0 = Debug|Any CPU
		{D4489A3F-5B09-477F-8B37-E5C0C4AA04A3}.Debug|x64.ActiveCfg = Debug|Any CPU
		{D4489A3F-5B09-477F-8B37-E5C0C4AA04A3}.Debug|x64.Build.0 = Debug|Any CPU
		{D4489A3F-5B09-477F-8B37-E5C0C4AA04A3}.Debug|x86.ActiveCfg = Debug|Any CPU
		{D4489A3F-5B09-477F-8B37-E5C0C4AA04A3}.Debug|x86.Build.0 = Debug|Any CPU
		{D4489A3F-5B09-477F-8B37-E5C0C4AA04A3}.DeployRelease|Any CPU.ActiveCfg = Debug|Any CPU
		{D4489A3F-5B09-477F-8B37-E5C0C4AA04A3}.DeployRelease|Any CPU.Build.0 = Debug|Any CPU
		{D4489A3F-5B09-477F-8B37-E5C0C4AA04A3}.DeployRelease|x64.ActiveCfg = DeployRelease|Any CPU
		{D4489A3F-5B09-477F-8B37-E5C0C4AA04A3}.DeployRelease|x64.Build.0 = DeployRelease|Any CPU
		{D4489A3F-5B09-477F-8B37-E5C0C4AA04A3}.DeployRelease|x86.ActiveCfg = DeployRelease|Any CPU
		{D4489A3F-5B09-477F-8B37-E5C0C4AA04A3}.DeployRelease|x86.Build.0 = DeployRelease|Any CPU
		{D4489A3F-5B09-477F-8B37-E5C0C4AA04A3}.Release|Any CPU.ActiveCfg = Debug|Any CPU
		{D4489A3F-5B09-477F-8B37-E5C0C4AA04A3}.Release|Any CPU.Build.0 = Debug|Any CPU
		{D4489A3F-5B09-477F-8B37-E5C0C4AA04A3}.Release|x64.ActiveCfg = Release|Any CPU
		{D4489A3F-5B09-477F-8B37-E5C0C4AA04A3}.Release|x64.Build.0 = Release|Any CPU
		{D4489A3F-5B09-477F-8B37-E5C0C4AA04A3}.Release|x86.ActiveCfg = Release|Any CPU
		{D4489A3F-5B09-477F-8B37-E5C0C4AA04A3}.Release|x86.Build.0 = Release|Any CPU
		{774FA467-1ABB-42FF-9B2D-7C22A42E3926}.Debug|Any CPU.ActiveCfg = Debug|Any CPU
		{774FA467-1ABB-42FF-9B2D-7C22A42E3926}.Debug|Any CPU.Build.0 = Debug|Any CPU
		{774FA467-1ABB-42FF-9B2D-7C22A42E3926}.Debug|x64.ActiveCfg = Debug|Any CPU
		{774FA467-1ABB-42FF-9B2D-7C22A42E3926}.Debug|x64.Build.0 = Debug|Any CPU
		{774FA467-1ABB-42FF-9B2D-7C22A42E3926}.Debug|x86.ActiveCfg = Debug|Any CPU
		{774FA467-1ABB-42FF-9B2D-7C22A42E3926}.Debug|x86.Build.0 = Debug|Any CPU
		{774FA467-1ABB-42FF-9B2D-7C22A42E3926}.DeployRelease|Any CPU.ActiveCfg = Debug|Any CPU
		{774FA467-1ABB-42FF-9B2D-7C22A42E3926}.DeployRelease|Any CPU.Build.0 = Debug|Any CPU
		{774FA467-1ABB-42FF-9B2D-7C22A42E3926}.DeployRelease|x64.ActiveCfg = DeployRelease|Any CPU
		{774FA467-1ABB-42FF-9B2D-7C22A42E3926}.DeployRelease|x64.Build.0 = DeployRelease|Any CPU
		{774FA467-1ABB-42FF-9B2D-7C22A42E3926}.DeployRelease|x86.ActiveCfg = DeployRelease|Any CPU
		{774FA467-1ABB-42FF-9B2D-7C22A42E3926}.DeployRelease|x86.Build.0 = DeployRelease|Any CPU
		{774FA467-1ABB-42FF-9B2D-7C22A42E3926}.Release|Any CPU.ActiveCfg = Debug|Any CPU
		{774FA467-1ABB-42FF-9B2D-7C22A42E3926}.Release|Any CPU.Build.0 = Debug|Any CPU
		{774FA467-1ABB-42FF-9B2D-7C22A42E3926}.Release|x64.ActiveCfg = Release|Any CPU
		{774FA467-1ABB-42FF-9B2D-7C22A42E3926}.Release|x64.Build.0 = Release|Any CPU
		{774FA467-1ABB-42FF-9B2D-7C22A42E3926}.Release|x86.ActiveCfg = Release|Any CPU
		{774FA467-1ABB-42FF-9B2D-7C22A42E3926}.Release|x86.Build.0 = Release|Any CPU
		{6371B576-B1B2-4D16-BE94-C34D9C77E888}.Debug|Any CPU.ActiveCfg = Debug|Any CPU
		{6371B576-B1B2-4D16-BE94-C34D9C77E888}.Debug|Any CPU.Build.0 = Debug|Any CPU
		{6371B576-B1B2-4D16-BE94-C34D9C77E888}.Debug|x64.ActiveCfg = Debug|Any CPU
		{6371B576-B1B2-4D16-BE94-C34D9C77E888}.Debug|x64.Build.0 = Debug|Any CPU
		{6371B576-B1B2-4D16-BE94-C34D9C77E888}.Debug|x86.ActiveCfg = Debug|Any CPU
		{6371B576-B1B2-4D16-BE94-C34D9C77E888}.Debug|x86.Build.0 = Debug|Any CPU
		{6371B576-B1B2-4D16-BE94-C34D9C77E888}.DeployRelease|Any CPU.ActiveCfg = Debug|Any CPU
		{6371B576-B1B2-4D16-BE94-C34D9C77E888}.DeployRelease|Any CPU.Build.0 = Debug|Any CPU
		{6371B576-B1B2-4D16-BE94-C34D9C77E888}.DeployRelease|x64.ActiveCfg = DeployRelease|Any CPU
		{6371B576-B1B2-4D16-BE94-C34D9C77E888}.DeployRelease|x64.Build.0 = DeployRelease|Any CPU
		{6371B576-B1B2-4D16-BE94-C34D9C77E888}.DeployRelease|x86.ActiveCfg = DeployRelease|Any CPU
		{6371B576-B1B2-4D16-BE94-C34D9C77E888}.DeployRelease|x86.Build.0 = DeployRelease|Any CPU
		{6371B576-B1B2-4D16-BE94-C34D9C77E888}.Release|Any CPU.ActiveCfg = Debug|Any CPU
		{6371B576-B1B2-4D16-BE94-C34D9C77E888}.Release|Any CPU.Build.0 = Debug|Any CPU
		{6371B576-B1B2-4D16-BE94-C34D9C77E888}.Release|x64.ActiveCfg = Release|Any CPU
		{6371B576-B1B2-4D16-BE94-C34D9C77E888}.Release|x64.Build.0 = Release|Any CPU
		{6371B576-B1B2-4D16-BE94-C34D9C77E888}.Release|x86.ActiveCfg = Release|Any CPU
		{6371B576-B1B2-4D16-BE94-C34D9C77E888}.Release|x86.Build.0 = Release|Any CPU
		{D13D683F-7120-4D62-8CDA-3AE9B05956A4}.Debug|Any CPU.ActiveCfg = Debug|Any CPU
		{D13D683F-7120-4D62-8CDA-3AE9B05956A4}.Debug|Any CPU.Build.0 = Debug|Any CPU
		{D13D683F-7120-4D62-8CDA-3AE9B05956A4}.Debug|x64.ActiveCfg = Debug|Any CPU
		{D13D683F-7120-4D62-8CDA-3AE9B05956A4}.Debug|x64.Build.0 = Debug|Any CPU
		{D13D683F-7120-4D62-8CDA-3AE9B05956A4}.Debug|x86.ActiveCfg = Debug|Any CPU
		{D13D683F-7120-4D62-8CDA-3AE9B05956A4}.Debug|x86.Build.0 = Debug|Any CPU
		{D13D683F-7120-4D62-8CDA-3AE9B05956A4}.DeployRelease|Any CPU.ActiveCfg = Debug|Any CPU
		{D13D683F-7120-4D62-8CDA-3AE9B05956A4}.DeployRelease|Any CPU.Build.0 = Debug|Any CPU
		{D13D683F-7120-4D62-8CDA-3AE9B05956A4}.DeployRelease|x64.ActiveCfg = DeployRelease|Any CPU
		{D13D683F-7120-4D62-8CDA-3AE9B05956A4}.DeployRelease|x64.Build.0 = DeployRelease|Any CPU
		{D13D683F-7120-4D62-8CDA-3AE9B05956A4}.DeployRelease|x86.ActiveCfg = DeployRelease|Any CPU
		{D13D683F-7120-4D62-8CDA-3AE9B05956A4}.DeployRelease|x86.Build.0 = DeployRelease|Any CPU
		{D13D683F-7120-4D62-8CDA-3AE9B05956A4}.Release|Any CPU.ActiveCfg = Debug|Any CPU
		{D13D683F-7120-4D62-8CDA-3AE9B05956A4}.Release|Any CPU.Build.0 = Debug|Any CPU
		{D13D683F-7120-4D62-8CDA-3AE9B05956A4}.Release|x64.ActiveCfg = Release|Any CPU
		{D13D683F-7120-4D62-8CDA-3AE9B05956A4}.Release|x64.Build.0 = Release|Any CPU
		{D13D683F-7120-4D62-8CDA-3AE9B05956A4}.Release|x86.ActiveCfg = Release|Any CPU
		{D13D683F-7120-4D62-8CDA-3AE9B05956A4}.Release|x86.Build.0 = Release|Any CPU
		{5883B153-BEFF-40B5-A83E-B97B57B59EEF}.Debug|Any CPU.ActiveCfg = Debug|Any CPU
		{5883B153-BEFF-40B5-A83E-B97B57B59EEF}.Debug|Any CPU.Build.0 = Debug|Any CPU
		{5883B153-BEFF-40B5-A83E-B97B57B59EEF}.Debug|x64.ActiveCfg = Debug|Any CPU
		{5883B153-BEFF-40B5-A83E-B97B57B59EEF}.Debug|x64.Build.0 = Debug|Any CPU
		{5883B153-BEFF-40B5-A83E-B97B57B59EEF}.Debug|x86.ActiveCfg = Debug|Any CPU
		{5883B153-BEFF-40B5-A83E-B97B57B59EEF}.Debug|x86.Build.0 = Debug|Any CPU
		{5883B153-BEFF-40B5-A83E-B97B57B59EEF}.DeployRelease|Any CPU.ActiveCfg = Debug|Any CPU
		{5883B153-BEFF-40B5-A83E-B97B57B59EEF}.DeployRelease|Any CPU.Build.0 = Debug|Any CPU
		{5883B153-BEFF-40B5-A83E-B97B57B59EEF}.DeployRelease|x64.ActiveCfg = DeployRelease|Any CPU
		{5883B153-BEFF-40B5-A83E-B97B57B59EEF}.DeployRelease|x64.Build.0 = DeployRelease|Any CPU
		{5883B153-BEFF-40B5-A83E-B97B57B59EEF}.DeployRelease|x86.ActiveCfg = DeployRelease|Any CPU
		{5883B153-BEFF-40B5-A83E-B97B57B59EEF}.DeployRelease|x86.Build.0 = DeployRelease|Any CPU
		{5883B153-BEFF-40B5-A83E-B97B57B59EEF}.Release|Any CPU.ActiveCfg = Debug|Any CPU
		{5883B153-BEFF-40B5-A83E-B97B57B59EEF}.Release|Any CPU.Build.0 = Debug|Any CPU
		{5883B153-BEFF-40B5-A83E-B97B57B59EEF}.Release|x64.ActiveCfg = Release|Any CPU
		{5883B153-BEFF-40B5-A83E-B97B57B59EEF}.Release|x64.Build.0 = Release|Any CPU
		{5883B153-BEFF-40B5-A83E-B97B57B59EEF}.Release|x86.ActiveCfg = Release|Any CPU
		{5883B153-BEFF-40B5-A83E-B97B57B59EEF}.Release|x86.Build.0 = Release|Any CPU
		{EBE3C388-BD1E-4CFB-965D-589602EE92FB}.Debug|Any CPU.ActiveCfg = Debug|Any CPU
		{EBE3C388-BD1E-4CFB-965D-589602EE92FB}.Debug|Any CPU.Build.0 = Debug|Any CPU
		{EBE3C388-BD1E-4CFB-965D-589602EE92FB}.Debug|x64.ActiveCfg = Debug|Any CPU
		{EBE3C388-BD1E-4CFB-965D-589602EE92FB}.Debug|x64.Build.0 = Debug|Any CPU
		{EBE3C388-BD1E-4CFB-965D-589602EE92FB}.Debug|x86.ActiveCfg = Debug|Any CPU
		{EBE3C388-BD1E-4CFB-965D-589602EE92FB}.Debug|x86.Build.0 = Debug|Any CPU
		{EBE3C388-BD1E-4CFB-965D-589602EE92FB}.DeployRelease|Any CPU.ActiveCfg = Debug|Any CPU
		{EBE3C388-BD1E-4CFB-965D-589602EE92FB}.DeployRelease|Any CPU.Build.0 = Debug|Any CPU
		{EBE3C388-BD1E-4CFB-965D-589602EE92FB}.DeployRelease|x64.ActiveCfg = DeployRelease|Any CPU
		{EBE3C388-BD1E-4CFB-965D-589602EE92FB}.DeployRelease|x64.Build.0 = DeployRelease|Any CPU
		{EBE3C388-BD1E-4CFB-965D-589602EE92FB}.DeployRelease|x86.ActiveCfg = DeployRelease|Any CPU
		{EBE3C388-BD1E-4CFB-965D-589602EE92FB}.DeployRelease|x86.Build.0 = DeployRelease|Any CPU
		{EBE3C388-BD1E-4CFB-965D-589602EE92FB}.Release|Any CPU.ActiveCfg = Debug|Any CPU
		{EBE3C388-BD1E-4CFB-965D-589602EE92FB}.Release|Any CPU.Build.0 = Debug|Any CPU
		{EBE3C388-BD1E-4CFB-965D-589602EE92FB}.Release|x64.ActiveCfg = Release|Any CPU
		{EBE3C388-BD1E-4CFB-965D-589602EE92FB}.Release|x64.Build.0 = Release|Any CPU
		{EBE3C388-BD1E-4CFB-965D-589602EE92FB}.Release|x86.ActiveCfg = Release|Any CPU
		{EBE3C388-BD1E-4CFB-965D-589602EE92FB}.Release|x86.Build.0 = Release|Any CPU
	EndGlobalSection
	GlobalSection(SolutionProperties) = preSolution
		HideSolutionNode = FALSE
	EndGlobalSection
	GlobalSection(NestedProjects) = preSolution
		{422F7918-B7FB-4D2B-931D-5FE309EAE6C5} = {2AD74556-B9BD-45B8-A306-C0BAE901571B}
		{C3EC51E9-CCFE-46DD-8CB9-FFB65354DCE2} = {422F7918-B7FB-4D2B-931D-5FE309EAE6C5}
		{97FF6DD0-510D-4D47-A789-3D7D29611E62} = {2AD74556-B9BD-45B8-A306-C0BAE901571B}
		{6F4E4FDB-3E7C-49E9-87F4-C96CBA13541D} = {2AD74556-B9BD-45B8-A306-C0BAE901571B}
		{04750034-63CE-4085-8B37-C023460655DA} = {6F4E4FDB-3E7C-49E9-87F4-C96CBA13541D}
	EndGlobalSection
	GlobalSection(ExtensibilityGlobals) = postSolution
		SolutionGuid = {D19F7C9E-FBF5-445B-9A26-72227E26F0EC}
	EndGlobalSection
EndGlobal
